
Microsoft Visual Studio Solution File, Format Version 12.00
# Visual Studio Version 17
VisualStudioVersion = 17.10.34916.146
MinimumVisualStudioVersion = 10.0.40219.1
Project("{8BC9CEB8-8B4A-11D0-8D11-00A0C91BC942}") = "000_LogClass", "000_LogClass\LogClass.vcxproj", "{37CD0260-BCAA-41AC-8130-4BAA6ECFB476}"
EndProject
Project("{8BC9CEB8-8B4A-11D0-8D11-00A0C91BC942}") = "001_StaticVariables", "001_StaticVariables\StaticVariables.vcxproj", "{EEF1F8CC-F74A-4CAC-A737-4581BCF19EF4}"
EndProject
Project("{8BC9CEB8-8B4A-11D0-8D11-00A0C91BC942}") = "002_Constructors", "002_Constructors\Constructors.vcxproj", "{3FD53098-E299-42F5-A9A7-F42B92D56954}"
EndProject
Project("{8BC9CEB8-8B4A-11D0-8D11-00A0C91BC942}") = "003_Inheritance", "003_Inheritance\Inheritance.vcxproj", "{B697BCBC-78EF-4C4C-958C-CDB352F685A5}"
EndProject
Project("{8BC9CEB8-8B4A-11D0-8D11-00A0C91BC942}") = "004_VirtualFunctions", "004_VirtualFunctions\VirtualFunctions.vcxproj", "{10010130-A479-41B6-AFF0-51D06891FD91}"
EndProject
Project("{8BC9CEB8-8B4A-11D0-8D11-00A0C91BC942}") = "005_Array", "005_Array\Array.vcxproj", "{6FA2E955-8E69-4C71-8BE5-5ABDBC8FE527}"
EndProject
Project("{8BC9CEB8-8B4A-11D0-8D11-00A0C91BC942}") = "006_Strings", "006_Strings\Strings.vcxproj", "{F54A74DE-8E6F-4B8E-BB80-EB3AD09D1BAF}"
EndProject
Project("{8BC9CEB8-8B4A-11D0-8D11-00A0C91BC942}") = "007_Constants", "007_Constants\Constants.vcxproj", "{AE1B26E4-45B6-43C4-B65F-81D856D06177}"
EndProject
Project("{8BC9CEB8-8B4A-11D0-8D11-00A0C91BC942}") = "008_Mutable", "008_Mutable\Mutable.vcxproj", "{1C73140D-DB67-4543-9AEA-FB5C1A5C16B7}"
EndProject
Project("{8BC9CEB8-8B4A-11D0-8D11-00A0C91BC942}") = "009_MemberInitializerLists", "009_MemberInitializerLists\MemberInitializerLists.vcxproj", "{58EA0D32-7C50-41B3-9B23-2FF27D01C34F}"
EndProject
Project("{8BC9CEB8-8B4A-11D0-8D11-00A0C91BC942}") = "010_InstanceObj", "010_InstanceObj\InstanceObj.vcxproj", "{D30210E0-D75E-4BCA-91B1-F27914278711}"
EndProject
Project("{8BC9CEB8-8B4A-11D0-8D11-00A0C91BC942}") = "011_NewKeyWord", "011_NewKeyWord\NewKeyWord.vcxproj", "{7DC2B40B-756D-44F8-8EE0-F9827441308F}"
EndProject
Project("{8BC9CEB8-8B4A-11D0-8D11-00A0C91BC942}") = "013_ImplicitConversionAndExplicitKeyword", "013_ImplicitConversionAndExplicitKeyword\ImplicitConversionAndExplicitKeyword.vcxproj", "{CD665389-4181-4C6C-A79E-6B6D33AA64A0}"
EndProject
Project("{8BC9CEB8-8B4A-11D0-8D11-00A0C91BC942}") = "012_Operators", "012_Operators\Operators.vcxproj", "{BD489FFA-45D0-412A-BB8B-FE945086D0C2}"
EndProject
Project("{8BC9CEB8-8B4A-11D0-8D11-00A0C91BC942}") = "014_ThisKeyword", "014_ThisKeyword\ThisKeyword.vcxproj", "{C792BFFD-0302-4E40-B038-554363B63B06}"
EndProject
Project("{8BC9CEB8-8B4A-11D0-8D11-00A0C91BC942}") = "015_StackHeep", "015_StackHeep\StackHeep.vcxproj", "{25F43365-29C8-4B29-9DA0-883845B97404}"
EndProject
Project("{8BC9CEB8-8B4A-11D0-8D11-00A0C91BC942}") = "016_SmartPointers", "016_SmartPointers\016_SmartPointers.vcxproj", "{EAA6BC1D-CBED-45AF-BB14-9707D07D2C02}"
EndProject
Project("{8BC9CEB8-8B4A-11D0-8D11-00A0C91BC942}") = "017_CopyConstructors", "017_CopyConstructors\017_CopyConstructors.vcxproj", "{801CE755-B8DD-4433-9990-864D0CA50558}"
EndProject
Project("{8BC9CEB8-8B4A-11D0-8D11-00A0C91BC942}") = "018_ArrowOperator", "018_ArrowOperator\018_ArrowOperator.vcxproj", "{2751CC0B-24CB-4458-A620-AE527ACBC9C0}"
EndProject
Project("{8BC9CEB8-8B4A-11D0-8D11-00A0C91BC942}") = "019_Vector(DynamicArray)", "019_Vector\019_Vector.vcxproj", "{4CCF43E1-CBEA-4CFF-ABD0-E06139329EEC}"
EndProject
Project("{8BC9CEB8-8B4A-11D0-8D11-00A0C91BC942}") = "020_OptimizingVector", "020_OptimizingVector\020_OptimizingVector.vcxproj", "{DC18AD2D-DA70-4E1C-9CC1-4E6520E9AFF8}"
EndProject
Project("{8BC9CEB8-8B4A-11D0-8D11-00A0C91BC942}") = "021_LocalStatic", "021_LocalStatic\021_LocalStatic.vcxproj", "{7760DE76-FB77-439A-90E2-C92B5A03692E}"
EndProject
Project("{8BC9CEB8-8B4A-11D0-8D11-00A0C91BC942}") = "022_StaticLinking", "022_StaticLinking\022_StaticLinking.vcxproj", "{09CA7205-5898-45E6-9427-FDCB5EB88BA4}"
EndProject
Project("{8BC9CEB8-8B4A-11D0-8D11-00A0C91BC942}") = "023_DynamicLinking", "023_DynamicLinking\023_DynamicLinking.vcxproj", "{D9F39F17-8878-45B2-8D2E-DFD62FDABFFD}"
EndProject
Project("{8BC9CEB8-8B4A-11D0-8D11-00A0C91BC942}") = "024_MultipleReturn(Tuple)", "024_MultipleReturn\024_MultipleReturn.vcxproj", "{8528C756-B2AD-4036-ADE2-227A772C3632}"
EndProject
Project("{8BC9CEB8-8B4A-11D0-8D11-00A0C91BC942}") = "025_Templates", "025_Templates\025_Templates.vcxproj", "{79D6A234-C552-44CF-8682-C6497D87FB85}"
EndProject
Project("{8BC9CEB8-8B4A-11D0-8D11-00A0C91BC942}") = "026_Macros", "026_Macros\026_Macros.vcxproj", "{8CC157DE-0677-426B-899B-D4B16E6762D4}"
EndProject
Project("{8BC9CEB8-8B4A-11D0-8D11-00A0C91BC942}") = "027_AutoKeyword", "027_AutoKeyword\027_AutoKeyword.vcxproj", "{9319C7A5-4A1B-47E8-ABBB-F68045FB637B}"
EndProject
Project("{8BC9CEB8-8B4A-11D0-8D11-00A0C91BC942}") = "028_StaticArray", "028_StaticArray\028_StaticArray.vcxproj", "{43EDCD36-2E1B-4A48-8988-97B59AFAA581}"
EndProject
Project("{8BC9CEB8-8B4A-11D0-8D11-00A0C91BC942}") = "029_FunctionPointers", "029_FunctionPointers\029_FunctionPointers.vcxproj", "{A64EB1F3-43C3-41F1-A42B-2334998A97AE}"
EndProject
Project("{8BC9CEB8-8B4A-11D0-8D11-00A0C91BC942}") = "030_LambdaFunction", "030_LambdaFunction\030_LambdaFunction.vcxproj", "{5AA14AD6-A92B-46F3-9522-B4ACAA584888}"
EndProject
Project("{8BC9CEB8-8B4A-11D0-8D11-00A0C91BC942}") = "031_Namespace", "031_Namespace\031_Namespace.vcxproj", "{A5798AD3-E290-40E8-AFF9-2E22188DD580}"
EndProject
Project("{8BC9CEB8-8B4A-11D0-8D11-00A0C91BC942}") = "032_Threads", "032_Threads\032_Threads.vcxproj", "{74C93253-5CC2-4FF7-9E90-7516ACA1A2DC}"
EndProject
Project("{8BC9CEB8-8B4A-11D0-8D11-00A0C91BC942}") = "033_Timing", "033_Timing\033_Timing.vcxproj", "{F7E3DECB-5397-4E16-A2DB-2DD55221C55C}"
EndProject
Project("{8BC9CEB8-8B4A-11D0-8D11-00A0C91BC942}") = "034_MultidimensionalArray", "034_MultidimensionalArray\034_MultidimensionalArray.vcxproj", "{0DFFC32B-D281-494D-998C-BC2826C319BE}"
EndProject
Project("{8BC9CEB8-8B4A-11D0-8D11-00A0C91BC942}") = "035_sort", "035_sort\035_sort.vcxproj", "{AEDA90EF-0BD3-455B-A0BF-041D45182D47}"
EndProject
Project("{8BC9CEB8-8B4A-11D0-8D11-00A0C91BC942}") = "036_TypePunning", "036_TypePunning\036_TypePunning.vcxproj", "{2923DA76-A225-4825-8885-C8636E5AA3A7}"
EndProject
Project("{8BC9CEB8-8B4A-11D0-8D11-00A0C91BC942}") = "037_Union", "037_Union\037_Union.vcxproj", "{C116E24A-BEBA-4220-A926-95B7177B26D9}"
EndProject
Project("{8BC9CEB8-8B4A-11D0-8D11-00A0C91BC942}") = "038_VirtualDestuctors", "038_VirtualDestuctors\038_VirtualDestuctors.vcxproj", "{2F866B33-DAE9-4D16-AD51-C587D5C688F4}"
EndProject
Project("{8BC9CEB8-8B4A-11D0-8D11-00A0C91BC942}") = "039_Casting", "039_Casting\039_Casting.vcxproj", "{4BBD7320-8212-4878-BDD9-8FDD5521297C}"
EndProject
Project("{8BC9CEB8-8B4A-11D0-8D11-00A0C91BC942}") = "040_ContotionalBreakpoints", "040_ContotionalBreakpoints\040_ContotionalBreakpoints.vcxproj", "{9024D8EA-04C2-4C99-8376-1C0C3F6D822A}"
EndProject
Project("{8BC9CEB8-8B4A-11D0-8D11-00A0C91BC942}") = "039_1DynamicCasting", "039_1DynamicCasting\039_1DynamicCasting.vcxproj", "{76FC431F-9B7E-4D9C-908B-C5365D9AFF7A}"
EndProject
Project("{8BC9CEB8-8B4A-11D0-8D11-00A0C91BC942}") = "041_HowToMeasurePerformance", "041_HowToMeasurePerformance\041_HowToMeasurePerformance.vcxproj", "{4BA6BE31-4DF7-4866-BF61-89445E83DC2B}"
EndProject
Project("{8BC9CEB8-8B4A-11D0-8D11-00A0C91BC942}") = "042_StructuredBundings", "042_StructuredBundings\042_StructuredBundings.vcxproj", "{219385BB-BD9B-4CD3-AB04-2092300DD25B}"
EndProject
Project("{8BC9CEB8-8B4A-11D0-8D11-00A0C91BC942}") = "043_OptionalData", "043_OptionalData\043_OptionalData.vcxproj", "{AE38CA1B-DA01-4740-9410-869590348F65}"
EndProject
Project("{8BC9CEB8-8B4A-11D0-8D11-00A0C91BC942}") = "044_MultipleTypesToSingleVariable", "044_MultipleTypesToSingleVariable\044_MultipleTypesToSingleVariable.vcxproj", "{2DBA745D-7C52-4E92-BA41-E1E1CDEE1469}"
EndProject
Project("{8BC9CEB8-8B4A-11D0-8D11-00A0C91BC942}") = "045_Any", "045_Any\045_Any.vcxproj", "{3DD85A1C-4E86-4BB9-A9BA-D2EE0BC4C1BF}"
EndProject
Project("{8BC9CEB8-8B4A-11D0-8D11-00A0C91BC942}") = "046_Async", "046_Async\046_Async.vcxproj", "{0BC2F80B-AB45-41BD-9B04-29A8F95FAC19}"
EndProject
Project("{8BC9CEB8-8B4A-11D0-8D11-00A0C91BC942}") = "047_StringsFaster", "047_StringsFaster\047_StringsFaster.vcxproj", "{6E1D0C96-DD99-40BA-847E-1258764B7AFA}"
EndProject
Project("{8BC9CEB8-8B4A-11D0-8D11-00A0C91BC942}") = "048_VisualBenchmarking(timing)", "048_VisualBenchmarking(timing)\048_VisualBenchmarking(timing).vcxproj", "{1A7CE49F-EB57-4123-98DE-4DF12C47009F}"
EndProject
Project("{8BC9CEB8-8B4A-11D0-8D11-00A0C91BC942}") = "049_Singletons", "049_Singletons\049_Singletons.vcxproj", "{9ED5B5BE-933C-47DC-A0D3-9049C849CB1D}"
EndProject
Project("{8BC9CEB8-8B4A-11D0-8D11-00A0C91BC942}") = "050_MemoryAllocationsEasyWay", "050_MemoryAllocationsEasyWay\050_MemoryAllocationsEasyWay.vcxproj", "{483B134E-3BDC-4BE5-B5FC-44037EE8AC01}"
EndProject
Project("{8BC9CEB8-8B4A-11D0-8D11-00A0C91BC942}") = "051_Lvalues_And_Rvalue", "051_Lvalues_And_Rvalue\051_Lvalues_And_Rvalue.vcxproj", "{7770D242-B825-4017-AACC-5ADBEBA167AA}"
EndProject
Project("{8BC9CEB8-8B4A-11D0-8D11-00A0C91BC942}") = "052_ArgumentEvaluationOrder", "052_ArgumentEvaluationOrder\052_ArgumentEvaluationOrder.vcxproj", "{367152FE-47A8-478E-9589-E322FB29FD5D}"
EndProject
Project("{8BC9CEB8-8B4A-11D0-8D11-00A0C91BC942}") = "053_MoveSemantics", "053_MoveSemantics\053_MoveSemantics.vcxproj", "{282CAE43-BB50-4082-B4F1-EBE6AF6169C3}"
EndProject
Project("{8BC9CEB8-8B4A-11D0-8D11-00A0C91BC942}") = "054_MakingDataStuctures", "054_MakingDataStuctures\054_MakingDataStuctures.vcxproj", "{7CE16DC7-D0BD-4E6B-896F-D69E56531627}"
EndProject
Project("{8BC9CEB8-8B4A-11D0-8D11-00A0C91BC942}") = "055_MakingStdVectorFromScratch", "055_MakingStdVectorFromScratch\055_MakingStdVectorFromScratch.vcxproj", "{F9D7267E-FD3E-440D-869A-F1BEDE9963E5}"
EndProject
Project("{8BC9CEB8-8B4A-11D0-8D11-00A0C91BC942}") = "056_Iterator", "056_Iterator\056_Iterator.vcxproj", "{C393CD1C-D870-4A21-8F64-86F43D5C4E3C}"
EndProject
Project("{8BC9CEB8-8B4A-11D0-8D11-00A0C91BC942}") = "057_Assignment", "057_Assignment\057_Assignment.vcxproj", "{FC562B06-BC7F-4650-BFBF-62C65FC300E8}"
EndProject
Global
	GlobalSection(SolutionConfigurationPlatforms) = preSolution
		Debug|x64 = Debug|x64
		Debug|x86 = Debug|x86
		Release|x64 = Release|x64
		Release|x86 = Release|x86
	EndGlobalSection
	GlobalSection(ProjectConfigurationPlatforms) = postSolution
		{37CD0260-BCAA-41AC-8130-4BAA6ECFB476}.Debug|x64.ActiveCfg = Debug|x64
		{37CD0260-BCAA-41AC-8130-4BAA6ECFB476}.Debug|x64.Build.0 = Debug|x64
		{37CD0260-BCAA-41AC-8130-4BAA6ECFB476}.Debug|x86.ActiveCfg = Debug|Win32
		{37CD0260-BCAA-41AC-8130-4BAA6ECFB476}.Debug|x86.Build.0 = Debug|Win32
		{37CD0260-BCAA-41AC-8130-4BAA6ECFB476}.Release|x64.ActiveCfg = Release|x64
		{37CD0260-BCAA-41AC-8130-4BAA6ECFB476}.Release|x64.Build.0 = Release|x64
		{37CD0260-BCAA-41AC-8130-4BAA6ECFB476}.Release|x86.ActiveCfg = Release|Win32
		{37CD0260-BCAA-41AC-8130-4BAA6ECFB476}.Release|x86.Build.0 = Release|Win32
		{EEF1F8CC-F74A-4CAC-A737-4581BCF19EF4}.Debug|x64.ActiveCfg = Debug|x64
		{EEF1F8CC-F74A-4CAC-A737-4581BCF19EF4}.Debug|x64.Build.0 = Debug|x64
		{EEF1F8CC-F74A-4CAC-A737-4581BCF19EF4}.Debug|x86.ActiveCfg = Debug|Win32
		{EEF1F8CC-F74A-4CAC-A737-4581BCF19EF4}.Debug|x86.Build.0 = Debug|Win32
		{EEF1F8CC-F74A-4CAC-A737-4581BCF19EF4}.Release|x64.ActiveCfg = Release|x64
		{EEF1F8CC-F74A-4CAC-A737-4581BCF19EF4}.Release|x64.Build.0 = Release|x64
		{EEF1F8CC-F74A-4CAC-A737-4581BCF19EF4}.Release|x86.ActiveCfg = Release|Win32
		{EEF1F8CC-F74A-4CAC-A737-4581BCF19EF4}.Release|x86.Build.0 = Release|Win32
		{3FD53098-E299-42F5-A9A7-F42B92D56954}.Debug|x64.ActiveCfg = Debug|x64
		{3FD53098-E299-42F5-A9A7-F42B92D56954}.Debug|x64.Build.0 = Debug|x64
		{3FD53098-E299-42F5-A9A7-F42B92D56954}.Debug|x86.ActiveCfg = Debug|Win32
		{3FD53098-E299-42F5-A9A7-F42B92D56954}.Debug|x86.Build.0 = Debug|Win32
		{3FD53098-E299-42F5-A9A7-F42B92D56954}.Release|x64.ActiveCfg = Release|x64
		{3FD53098-E299-42F5-A9A7-F42B92D56954}.Release|x64.Build.0 = Release|x64
		{3FD53098-E299-42F5-A9A7-F42B92D56954}.Release|x86.ActiveCfg = Release|Win32
		{3FD53098-E299-42F5-A9A7-F42B92D56954}.Release|x86.Build.0 = Release|Win32
		{B697BCBC-78EF-4C4C-958C-CDB352F685A5}.Debug|x64.ActiveCfg = Debug|x64
		{B697BCBC-78EF-4C4C-958C-CDB352F685A5}.Debug|x64.Build.0 = Debug|x64
		{B697BCBC-78EF-4C4C-958C-CDB352F685A5}.Debug|x86.ActiveCfg = Debug|Win32
		{B697BCBC-78EF-4C4C-958C-CDB352F685A5}.Debug|x86.Build.0 = Debug|Win32
		{B697BCBC-78EF-4C4C-958C-CDB352F685A5}.Release|x64.ActiveCfg = Release|x64
		{B697BCBC-78EF-4C4C-958C-CDB352F685A5}.Release|x64.Build.0 = Release|x64
		{B697BCBC-78EF-4C4C-958C-CDB352F685A5}.Release|x86.ActiveCfg = Release|Win32
		{B697BCBC-78EF-4C4C-958C-CDB352F685A5}.Release|x86.Build.0 = Release|Win32
		{10010130-A479-41B6-AFF0-51D06891FD91}.Debug|x64.ActiveCfg = Debug|x64
		{10010130-A479-41B6-AFF0-51D06891FD91}.Debug|x64.Build.0 = Debug|x64
		{10010130-A479-41B6-AFF0-51D06891FD91}.Debug|x86.ActiveCfg = Debug|Win32
		{10010130-A479-41B6-AFF0-51D06891FD91}.Debug|x86.Build.0 = Debug|Win32
		{10010130-A479-41B6-AFF0-51D06891FD91}.Release|x64.ActiveCfg = Release|x64
		{10010130-A479-41B6-AFF0-51D06891FD91}.Release|x64.Build.0 = Release|x64
		{10010130-A479-41B6-AFF0-51D06891FD91}.Release|x86.ActiveCfg = Release|Win32
		{10010130-A479-41B6-AFF0-51D06891FD91}.Release|x86.Build.0 = Release|Win32
		{6FA2E955-8E69-4C71-8BE5-5ABDBC8FE527}.Debug|x64.ActiveCfg = Debug|x64
		{6FA2E955-8E69-4C71-8BE5-5ABDBC8FE527}.Debug|x64.Build.0 = Debug|x64
		{6FA2E955-8E69-4C71-8BE5-5ABDBC8FE527}.Debug|x86.ActiveCfg = Debug|Win32
		{6FA2E955-8E69-4C71-8BE5-5ABDBC8FE527}.Debug|x86.Build.0 = Debug|Win32
		{6FA2E955-8E69-4C71-8BE5-5ABDBC8FE527}.Release|x64.ActiveCfg = Release|x64
		{6FA2E955-8E69-4C71-8BE5-5ABDBC8FE527}.Release|x64.Build.0 = Release|x64
		{6FA2E955-8E69-4C71-8BE5-5ABDBC8FE527}.Release|x86.ActiveCfg = Release|Win32
		{6FA2E955-8E69-4C71-8BE5-5ABDBC8FE527}.Release|x86.Build.0 = Release|Win32
		{F54A74DE-8E6F-4B8E-BB80-EB3AD09D1BAF}.Debug|x64.ActiveCfg = Debug|x64
		{F54A74DE-8E6F-4B8E-BB80-EB3AD09D1BAF}.Debug|x64.Build.0 = Debug|x64
		{F54A74DE-8E6F-4B8E-BB80-EB3AD09D1BAF}.Debug|x86.ActiveCfg = Debug|Win32
		{F54A74DE-8E6F-4B8E-BB80-EB3AD09D1BAF}.Debug|x86.Build.0 = Debug|Win32
		{F54A74DE-8E6F-4B8E-BB80-EB3AD09D1BAF}.Release|x64.ActiveCfg = Release|x64
		{F54A74DE-8E6F-4B8E-BB80-EB3AD09D1BAF}.Release|x64.Build.0 = Release|x64
		{F54A74DE-8E6F-4B8E-BB80-EB3AD09D1BAF}.Release|x86.ActiveCfg = Release|Win32
		{F54A74DE-8E6F-4B8E-BB80-EB3AD09D1BAF}.Release|x86.Build.0 = Release|Win32
		{AE1B26E4-45B6-43C4-B65F-81D856D06177}.Debug|x64.ActiveCfg = Debug|x64
		{AE1B26E4-45B6-43C4-B65F-81D856D06177}.Debug|x64.Build.0 = Debug|x64
		{AE1B26E4-45B6-43C4-B65F-81D856D06177}.Debug|x86.ActiveCfg = Debug|Win32
		{AE1B26E4-45B6-43C4-B65F-81D856D06177}.Debug|x86.Build.0 = Debug|Win32
		{AE1B26E4-45B6-43C4-B65F-81D856D06177}.Release|x64.ActiveCfg = Release|x64
		{AE1B26E4-45B6-43C4-B65F-81D856D06177}.Release|x64.Build.0 = Release|x64
		{AE1B26E4-45B6-43C4-B65F-81D856D06177}.Release|x86.ActiveCfg = Release|Win32
		{AE1B26E4-45B6-43C4-B65F-81D856D06177}.Release|x86.Build.0 = Release|Win32
		{1C73140D-DB67-4543-9AEA-FB5C1A5C16B7}.Debug|x64.ActiveCfg = Debug|x64
		{1C73140D-DB67-4543-9AEA-FB5C1A5C16B7}.Debug|x64.Build.0 = Debug|x64
		{1C73140D-DB67-4543-9AEA-FB5C1A5C16B7}.Debug|x86.ActiveCfg = Debug|Win32
		{1C73140D-DB67-4543-9AEA-FB5C1A5C16B7}.Debug|x86.Build.0 = Debug|Win32
		{1C73140D-DB67-4543-9AEA-FB5C1A5C16B7}.Release|x64.ActiveCfg = Release|x64
		{1C73140D-DB67-4543-9AEA-FB5C1A5C16B7}.Release|x64.Build.0 = Release|x64
		{1C73140D-DB67-4543-9AEA-FB5C1A5C16B7}.Release|x86.ActiveCfg = Release|Win32
		{1C73140D-DB67-4543-9AEA-FB5C1A5C16B7}.Release|x86.Build.0 = Release|Win32
		{58EA0D32-7C50-41B3-9B23-2FF27D01C34F}.Debug|x64.ActiveCfg = Debug|x64
		{58EA0D32-7C50-41B3-9B23-2FF27D01C34F}.Debug|x64.Build.0 = Debug|x64
		{58EA0D32-7C50-41B3-9B23-2FF27D01C34F}.Debug|x86.ActiveCfg = Debug|Win32
		{58EA0D32-7C50-41B3-9B23-2FF27D01C34F}.Debug|x86.Build.0 = Debug|Win32
		{58EA0D32-7C50-41B3-9B23-2FF27D01C34F}.Release|x64.ActiveCfg = Release|x64
		{58EA0D32-7C50-41B3-9B23-2FF27D01C34F}.Release|x64.Build.0 = Release|x64
		{58EA0D32-7C50-41B3-9B23-2FF27D01C34F}.Release|x86.ActiveCfg = Release|Win32
		{58EA0D32-7C50-41B3-9B23-2FF27D01C34F}.Release|x86.Build.0 = Release|Win32
		{D30210E0-D75E-4BCA-91B1-F27914278711}.Debug|x64.ActiveCfg = Debug|x64
		{D30210E0-D75E-4BCA-91B1-F27914278711}.Debug|x64.Build.0 = Debug|x64
		{D30210E0-D75E-4BCA-91B1-F27914278711}.Debug|x86.ActiveCfg = Debug|Win32
		{D30210E0-D75E-4BCA-91B1-F27914278711}.Debug|x86.Build.0 = Debug|Win32
		{D30210E0-D75E-4BCA-91B1-F27914278711}.Release|x64.ActiveCfg = Release|x64
		{D30210E0-D75E-4BCA-91B1-F27914278711}.Release|x64.Build.0 = Release|x64
		{D30210E0-D75E-4BCA-91B1-F27914278711}.Release|x86.ActiveCfg = Release|Win32
		{D30210E0-D75E-4BCA-91B1-F27914278711}.Release|x86.Build.0 = Release|Win32
		{7DC2B40B-756D-44F8-8EE0-F9827441308F}.Debug|x64.ActiveCfg = Debug|x64
		{7DC2B40B-756D-44F8-8EE0-F9827441308F}.Debug|x64.Build.0 = Debug|x64
		{7DC2B40B-756D-44F8-8EE0-F9827441308F}.Debug|x86.ActiveCfg = Debug|Win32
		{7DC2B40B-756D-44F8-8EE0-F9827441308F}.Debug|x86.Build.0 = Debug|Win32
		{7DC2B40B-756D-44F8-8EE0-F9827441308F}.Release|x64.ActiveCfg = Release|x64
		{7DC2B40B-756D-44F8-8EE0-F9827441308F}.Release|x64.Build.0 = Release|x64
		{7DC2B40B-756D-44F8-8EE0-F9827441308F}.Release|x86.ActiveCfg = Release|Win32
		{7DC2B40B-756D-44F8-8EE0-F9827441308F}.Release|x86.Build.0 = Release|Win32
		{CD665389-4181-4C6C-A79E-6B6D33AA64A0}.Debug|x64.ActiveCfg = Debug|x64
		{CD665389-4181-4C6C-A79E-6B6D33AA64A0}.Debug|x64.Build.0 = Debug|x64
		{CD665389-4181-4C6C-A79E-6B6D33AA64A0}.Debug|x86.ActiveCfg = Debug|Win32
		{CD665389-4181-4C6C-A79E-6B6D33AA64A0}.Debug|x86.Build.0 = Debug|Win32
		{CD665389-4181-4C6C-A79E-6B6D33AA64A0}.Release|x64.ActiveCfg = Release|x64
		{CD665389-4181-4C6C-A79E-6B6D33AA64A0}.Release|x64.Build.0 = Release|x64
		{CD665389-4181-4C6C-A79E-6B6D33AA64A0}.Release|x86.ActiveCfg = Release|Win32
		{CD665389-4181-4C6C-A79E-6B6D33AA64A0}.Release|x86.Build.0 = Release|Win32
		{BD489FFA-45D0-412A-BB8B-FE945086D0C2}.Debug|x64.ActiveCfg = Debug|x64
		{BD489FFA-45D0-412A-BB8B-FE945086D0C2}.Debug|x64.Build.0 = Debug|x64
		{BD489FFA-45D0-412A-BB8B-FE945086D0C2}.Debug|x86.ActiveCfg = Debug|Win32
		{BD489FFA-45D0-412A-BB8B-FE945086D0C2}.Debug|x86.Build.0 = Debug|Win32
		{BD489FFA-45D0-412A-BB8B-FE945086D0C2}.Release|x64.ActiveCfg = Release|x64
		{BD489FFA-45D0-412A-BB8B-FE945086D0C2}.Release|x64.Build.0 = Release|x64
		{BD489FFA-45D0-412A-BB8B-FE945086D0C2}.Release|x86.ActiveCfg = Release|Win32
		{BD489FFA-45D0-412A-BB8B-FE945086D0C2}.Release|x86.Build.0 = Release|Win32
		{C792BFFD-0302-4E40-B038-554363B63B06}.Debug|x64.ActiveCfg = Debug|x64
		{C792BFFD-0302-4E40-B038-554363B63B06}.Debug|x64.Build.0 = Debug|x64
		{C792BFFD-0302-4E40-B038-554363B63B06}.Debug|x86.ActiveCfg = Debug|Win32
		{C792BFFD-0302-4E40-B038-554363B63B06}.Debug|x86.Build.0 = Debug|Win32
		{C792BFFD-0302-4E40-B038-554363B63B06}.Release|x64.ActiveCfg = Release|x64
		{C792BFFD-0302-4E40-B038-554363B63B06}.Release|x64.Build.0 = Release|x64
		{C792BFFD-0302-4E40-B038-554363B63B06}.Release|x86.ActiveCfg = Release|Win32
		{C792BFFD-0302-4E40-B038-554363B63B06}.Release|x86.Build.0 = Release|Win32
		{25F43365-29C8-4B29-9DA0-883845B97404}.Debug|x64.ActiveCfg = Debug|x64
		{25F43365-29C8-4B29-9DA0-883845B97404}.Debug|x64.Build.0 = Debug|x64
		{25F43365-29C8-4B29-9DA0-883845B97404}.Debug|x86.ActiveCfg = Debug|Win32
		{25F43365-29C8-4B29-9DA0-883845B97404}.Debug|x86.Build.0 = Debug|Win32
		{25F43365-29C8-4B29-9DA0-883845B97404}.Release|x64.ActiveCfg = Release|x64
		{25F43365-29C8-4B29-9DA0-883845B97404}.Release|x64.Build.0 = Release|x64
		{25F43365-29C8-4B29-9DA0-883845B97404}.Release|x86.ActiveCfg = Release|Win32
		{25F43365-29C8-4B29-9DA0-883845B97404}.Release|x86.Build.0 = Release|Win32
		{EAA6BC1D-CBED-45AF-BB14-9707D07D2C02}.Debug|x64.ActiveCfg = Debug|x64
		{EAA6BC1D-CBED-45AF-BB14-9707D07D2C02}.Debug|x64.Build.0 = Debug|x64
		{EAA6BC1D-CBED-45AF-BB14-9707D07D2C02}.Debug|x86.ActiveCfg = Debug|Win32
		{EAA6BC1D-CBED-45AF-BB14-9707D07D2C02}.Debug|x86.Build.0 = Debug|Win32
		{EAA6BC1D-CBED-45AF-BB14-9707D07D2C02}.Release|x64.ActiveCfg = Release|x64
		{EAA6BC1D-CBED-45AF-BB14-9707D07D2C02}.Release|x64.Build.0 = Release|x64
		{EAA6BC1D-CBED-45AF-BB14-9707D07D2C02}.Release|x86.ActiveCfg = Release|Win32
		{EAA6BC1D-CBED-45AF-BB14-9707D07D2C02}.Release|x86.Build.0 = Release|Win32
		{801CE755-B8DD-4433-9990-864D0CA50558}.Debug|x64.ActiveCfg = Debug|x64
		{801CE755-B8DD-4433-9990-864D0CA50558}.Debug|x64.Build.0 = Debug|x64
		{801CE755-B8DD-4433-9990-864D0CA50558}.Debug|x86.ActiveCfg = Debug|Win32
		{801CE755-B8DD-4433-9990-864D0CA50558}.Debug|x86.Build.0 = Debug|Win32
		{801CE755-B8DD-4433-9990-864D0CA50558}.Release|x64.ActiveCfg = Release|x64
		{801CE755-B8DD-4433-9990-864D0CA50558}.Release|x64.Build.0 = Release|x64
		{801CE755-B8DD-4433-9990-864D0CA50558}.Release|x86.ActiveCfg = Release|Win32
		{801CE755-B8DD-4433-9990-864D0CA50558}.Release|x86.Build.0 = Release|Win32
		{2751CC0B-24CB-4458-A620-AE527ACBC9C0}.Debug|x64.ActiveCfg = Debug|x64
		{2751CC0B-24CB-4458-A620-AE527ACBC9C0}.Debug|x64.Build.0 = Debug|x64
		{2751CC0B-24CB-4458-A620-AE527ACBC9C0}.Debug|x86.ActiveCfg = Debug|Win32
		{2751CC0B-24CB-4458-A620-AE527ACBC9C0}.Debug|x86.Build.0 = Debug|Win32
		{2751CC0B-24CB-4458-A620-AE527ACBC9C0}.Release|x64.ActiveCfg = Release|x64
		{2751CC0B-24CB-4458-A620-AE527ACBC9C0}.Release|x64.Build.0 = Release|x64
		{2751CC0B-24CB-4458-A620-AE527ACBC9C0}.Release|x86.ActiveCfg = Release|Win32
		{2751CC0B-24CB-4458-A620-AE527ACBC9C0}.Release|x86.Build.0 = Release|Win32
		{4CCF43E1-CBEA-4CFF-ABD0-E06139329EEC}.Debug|x64.ActiveCfg = Debug|x64
		{4CCF43E1-CBEA-4CFF-ABD0-E06139329EEC}.Debug|x64.Build.0 = Debug|x64
		{4CCF43E1-CBEA-4CFF-ABD0-E06139329EEC}.Debug|x86.ActiveCfg = Debug|Win32
		{4CCF43E1-CBEA-4CFF-ABD0-E06139329EEC}.Debug|x86.Build.0 = Debug|Win32
		{4CCF43E1-CBEA-4CFF-ABD0-E06139329EEC}.Release|x64.ActiveCfg = Release|x64
		{4CCF43E1-CBEA-4CFF-ABD0-E06139329EEC}.Release|x64.Build.0 = Release|x64
		{4CCF43E1-CBEA-4CFF-ABD0-E06139329EEC}.Release|x86.ActiveCfg = Release|Win32
		{4CCF43E1-CBEA-4CFF-ABD0-E06139329EEC}.Release|x86.Build.0 = Release|Win32
		{DC18AD2D-DA70-4E1C-9CC1-4E6520E9AFF8}.Debug|x64.ActiveCfg = Debug|x64
		{DC18AD2D-DA70-4E1C-9CC1-4E6520E9AFF8}.Debug|x64.Build.0 = Debug|x64
		{DC18AD2D-DA70-4E1C-9CC1-4E6520E9AFF8}.Debug|x86.ActiveCfg = Debug|Win32
		{DC18AD2D-DA70-4E1C-9CC1-4E6520E9AFF8}.Debug|x86.Build.0 = Debug|Win32
		{DC18AD2D-DA70-4E1C-9CC1-4E6520E9AFF8}.Release|x64.ActiveCfg = Release|x64
		{DC18AD2D-DA70-4E1C-9CC1-4E6520E9AFF8}.Release|x64.Build.0 = Release|x64
		{DC18AD2D-DA70-4E1C-9CC1-4E6520E9AFF8}.Release|x86.ActiveCfg = Release|Win32
		{DC18AD2D-DA70-4E1C-9CC1-4E6520E9AFF8}.Release|x86.Build.0 = Release|Win32
		{7760DE76-FB77-439A-90E2-C92B5A03692E}.Debug|x64.ActiveCfg = Debug|x64
		{7760DE76-FB77-439A-90E2-C92B5A03692E}.Debug|x64.Build.0 = Debug|x64
		{7760DE76-FB77-439A-90E2-C92B5A03692E}.Debug|x86.ActiveCfg = Debug|Win32
		{7760DE76-FB77-439A-90E2-C92B5A03692E}.Debug|x86.Build.0 = Debug|Win32
		{7760DE76-FB77-439A-90E2-C92B5A03692E}.Release|x64.ActiveCfg = Release|x64
		{7760DE76-FB77-439A-90E2-C92B5A03692E}.Release|x64.Build.0 = Release|x64
		{7760DE76-FB77-439A-90E2-C92B5A03692E}.Release|x86.ActiveCfg = Release|Win32
		{7760DE76-FB77-439A-90E2-C92B5A03692E}.Release|x86.Build.0 = Release|Win32
		{09CA7205-5898-45E6-9427-FDCB5EB88BA4}.Debug|x64.ActiveCfg = Debug|x64
		{09CA7205-5898-45E6-9427-FDCB5EB88BA4}.Debug|x64.Build.0 = Debug|x64
		{09CA7205-5898-45E6-9427-FDCB5EB88BA4}.Debug|x86.ActiveCfg = Debug|Win32
		{09CA7205-5898-45E6-9427-FDCB5EB88BA4}.Debug|x86.Build.0 = Debug|Win32
		{09CA7205-5898-45E6-9427-FDCB5EB88BA4}.Release|x64.ActiveCfg = Release|x64
		{09CA7205-5898-45E6-9427-FDCB5EB88BA4}.Release|x64.Build.0 = Release|x64
		{09CA7205-5898-45E6-9427-FDCB5EB88BA4}.Release|x86.ActiveCfg = Release|Win32
		{09CA7205-5898-45E6-9427-FDCB5EB88BA4}.Release|x86.Build.0 = Release|Win32
		{D9F39F17-8878-45B2-8D2E-DFD62FDABFFD}.Debug|x64.ActiveCfg = Debug|x64
		{D9F39F17-8878-45B2-8D2E-DFD62FDABFFD}.Debug|x64.Build.0 = Debug|x64
		{D9F39F17-8878-45B2-8D2E-DFD62FDABFFD}.Debug|x86.ActiveCfg = Debug|Win32
		{D9F39F17-8878-45B2-8D2E-DFD62FDABFFD}.Debug|x86.Build.0 = Debug|Win32
		{D9F39F17-8878-45B2-8D2E-DFD62FDABFFD}.Release|x64.ActiveCfg = Release|x64
		{D9F39F17-8878-45B2-8D2E-DFD62FDABFFD}.Release|x64.Build.0 = Release|x64
		{D9F39F17-8878-45B2-8D2E-DFD62FDABFFD}.Release|x86.ActiveCfg = Release|Win32
		{D9F39F17-8878-45B2-8D2E-DFD62FDABFFD}.Release|x86.Build.0 = Release|Win32
		{8528C756-B2AD-4036-ADE2-227A772C3632}.Debug|x64.ActiveCfg = Debug|x64
		{8528C756-B2AD-4036-ADE2-227A772C3632}.Debug|x64.Build.0 = Debug|x64
		{8528C756-B2AD-4036-ADE2-227A772C3632}.Debug|x86.ActiveCfg = Debug|Win32
		{8528C756-B2AD-4036-ADE2-227A772C3632}.Debug|x86.Build.0 = Debug|Win32
		{8528C756-B2AD-4036-ADE2-227A772C3632}.Release|x64.ActiveCfg = Release|x64
		{8528C756-B2AD-4036-ADE2-227A772C3632}.Release|x64.Build.0 = Release|x64
		{8528C756-B2AD-4036-ADE2-227A772C3632}.Release|x86.ActiveCfg = Release|Win32
		{8528C756-B2AD-4036-ADE2-227A772C3632}.Release|x86.Build.0 = Release|Win32
		{79D6A234-C552-44CF-8682-C6497D87FB85}.Debug|x64.ActiveCfg = Debug|x64
		{79D6A234-C552-44CF-8682-C6497D87FB85}.Debug|x64.Build.0 = Debug|x64
		{79D6A234-C552-44CF-8682-C6497D87FB85}.Debug|x86.ActiveCfg = Debug|Win32
		{79D6A234-C552-44CF-8682-C6497D87FB85}.Debug|x86.Build.0 = Debug|Win32
		{79D6A234-C552-44CF-8682-C6497D87FB85}.Release|x64.ActiveCfg = Release|x64
		{79D6A234-C552-44CF-8682-C6497D87FB85}.Release|x64.Build.0 = Release|x64
		{79D6A234-C552-44CF-8682-C6497D87FB85}.Release|x86.ActiveCfg = Release|Win32
		{79D6A234-C552-44CF-8682-C6497D87FB85}.Release|x86.Build.0 = Release|Win32
		{8CC157DE-0677-426B-899B-D4B16E6762D4}.Debug|x64.ActiveCfg = Debug|x64
		{8CC157DE-0677-426B-899B-D4B16E6762D4}.Debug|x64.Build.0 = Debug|x64
		{8CC157DE-0677-426B-899B-D4B16E6762D4}.Debug|x86.ActiveCfg = Debug|Win32
		{8CC157DE-0677-426B-899B-D4B16E6762D4}.Debug|x86.Build.0 = Debug|Win32
		{8CC157DE-0677-426B-899B-D4B16E6762D4}.Release|x64.ActiveCfg = Release|x64
		{8CC157DE-0677-426B-899B-D4B16E6762D4}.Release|x64.Build.0 = Release|x64
		{8CC157DE-0677-426B-899B-D4B16E6762D4}.Release|x86.ActiveCfg = Release|Win32
		{8CC157DE-0677-426B-899B-D4B16E6762D4}.Release|x86.Build.0 = Release|Win32
		{9319C7A5-4A1B-47E8-ABBB-F68045FB637B}.Debug|x64.ActiveCfg = Debug|x64
		{9319C7A5-4A1B-47E8-ABBB-F68045FB637B}.Debug|x64.Build.0 = Debug|x64
		{9319C7A5-4A1B-47E8-ABBB-F68045FB637B}.Debug|x86.ActiveCfg = Debug|Win32
		{9319C7A5-4A1B-47E8-ABBB-F68045FB637B}.Debug|x86.Build.0 = Debug|Win32
		{9319C7A5-4A1B-47E8-ABBB-F68045FB637B}.Release|x64.ActiveCfg = Release|x64
		{9319C7A5-4A1B-47E8-ABBB-F68045FB637B}.Release|x64.Build.0 = Release|x64
		{9319C7A5-4A1B-47E8-ABBB-F68045FB637B}.Release|x86.ActiveCfg = Release|Win32
		{9319C7A5-4A1B-47E8-ABBB-F68045FB637B}.Release|x86.Build.0 = Release|Win32
		{43EDCD36-2E1B-4A48-8988-97B59AFAA581}.Debug|x64.ActiveCfg = Debug|x64
		{43EDCD36-2E1B-4A48-8988-97B59AFAA581}.Debug|x64.Build.0 = Debug|x64
		{43EDCD36-2E1B-4A48-8988-97B59AFAA581}.Debug|x86.ActiveCfg = Debug|Win32
		{43EDCD36-2E1B-4A48-8988-97B59AFAA581}.Debug|x86.Build.0 = Debug|Win32
		{43EDCD36-2E1B-4A48-8988-97B59AFAA581}.Release|x64.ActiveCfg = Release|x64
		{43EDCD36-2E1B-4A48-8988-97B59AFAA581}.Release|x64.Build.0 = Release|x64
		{43EDCD36-2E1B-4A48-8988-97B59AFAA581}.Release|x86.ActiveCfg = Release|Win32
		{43EDCD36-2E1B-4A48-8988-97B59AFAA581}.Release|x86.Build.0 = Release|Win32
		{A64EB1F3-43C3-41F1-A42B-2334998A97AE}.Debug|x64.ActiveCfg = Debug|x64
		{A64EB1F3-43C3-41F1-A42B-2334998A97AE}.Debug|x64.Build.0 = Debug|x64
		{A64EB1F3-43C3-41F1-A42B-2334998A97AE}.Debug|x86.ActiveCfg = Debug|Win32
		{A64EB1F3-43C3-41F1-A42B-2334998A97AE}.Debug|x86.Build.0 = Debug|Win32
		{A64EB1F3-43C3-41F1-A42B-2334998A97AE}.Release|x64.ActiveCfg = Release|x64
		{A64EB1F3-43C3-41F1-A42B-2334998A97AE}.Release|x64.Build.0 = Release|x64
		{A64EB1F3-43C3-41F1-A42B-2334998A97AE}.Release|x86.ActiveCfg = Release|Win32
		{A64EB1F3-43C3-41F1-A42B-2334998A97AE}.Release|x86.Build.0 = Release|Win32
		{5AA14AD6-A92B-46F3-9522-B4ACAA584888}.Debug|x64.ActiveCfg = Debug|x64
		{5AA14AD6-A92B-46F3-9522-B4ACAA584888}.Debug|x64.Build.0 = Debug|x64
		{5AA14AD6-A92B-46F3-9522-B4ACAA584888}.Debug|x86.ActiveCfg = Debug|Win32
		{5AA14AD6-A92B-46F3-9522-B4ACAA584888}.Debug|x86.Build.0 = Debug|Win32
		{5AA14AD6-A92B-46F3-9522-B4ACAA584888}.Release|x64.ActiveCfg = Release|x64
		{5AA14AD6-A92B-46F3-9522-B4ACAA584888}.Release|x64.Build.0 = Release|x64
		{5AA14AD6-A92B-46F3-9522-B4ACAA584888}.Release|x86.ActiveCfg = Release|Win32
		{5AA14AD6-A92B-46F3-9522-B4ACAA584888}.Release|x86.Build.0 = Release|Win32
		{A5798AD3-E290-40E8-AFF9-2E22188DD580}.Debug|x64.ActiveCfg = Debug|x64
		{A5798AD3-E290-40E8-AFF9-2E22188DD580}.Debug|x64.Build.0 = Debug|x64
		{A5798AD3-E290-40E8-AFF9-2E22188DD580}.Debug|x86.ActiveCfg = Debug|Win32
		{A5798AD3-E290-40E8-AFF9-2E22188DD580}.Debug|x86.Build.0 = Debug|Win32
		{A5798AD3-E290-40E8-AFF9-2E22188DD580}.Release|x64.ActiveCfg = Release|x64
		{A5798AD3-E290-40E8-AFF9-2E22188DD580}.Release|x64.Build.0 = Release|x64
		{A5798AD3-E290-40E8-AFF9-2E22188DD580}.Release|x86.ActiveCfg = Release|Win32
		{A5798AD3-E290-40E8-AFF9-2E22188DD580}.Release|x86.Build.0 = Release|Win32
		{74C93253-5CC2-4FF7-9E90-7516ACA1A2DC}.Debug|x64.ActiveCfg = Debug|x64
		{74C93253-5CC2-4FF7-9E90-7516ACA1A2DC}.Debug|x64.Build.0 = Debug|x64
		{74C93253-5CC2-4FF7-9E90-7516ACA1A2DC}.Debug|x86.ActiveCfg = Debug|Win32
		{74C93253-5CC2-4FF7-9E90-7516ACA1A2DC}.Debug|x86.Build.0 = Debug|Win32
		{74C93253-5CC2-4FF7-9E90-7516ACA1A2DC}.Release|x64.ActiveCfg = Release|x64
		{74C93253-5CC2-4FF7-9E90-7516ACA1A2DC}.Release|x64.Build.0 = Release|x64
		{74C93253-5CC2-4FF7-9E90-7516ACA1A2DC}.Release|x86.ActiveCfg = Release|Win32
		{74C93253-5CC2-4FF7-9E90-7516ACA1A2DC}.Release|x86.Build.0 = Release|Win32
		{F7E3DECB-5397-4E16-A2DB-2DD55221C55C}.Debug|x64.ActiveCfg = Debug|x64
		{F7E3DECB-5397-4E16-A2DB-2DD55221C55C}.Debug|x64.Build.0 = Debug|x64
		{F7E3DECB-5397-4E16-A2DB-2DD55221C55C}.Debug|x86.ActiveCfg = Debug|Win32
		{F7E3DECB-5397-4E16-A2DB-2DD55221C55C}.Debug|x86.Build.0 = Debug|Win32
		{F7E3DECB-5397-4E16-A2DB-2DD55221C55C}.Release|x64.ActiveCfg = Release|x64
		{F7E3DECB-5397-4E16-A2DB-2DD55221C55C}.Release|x64.Build.0 = Release|x64
		{F7E3DECB-5397-4E16-A2DB-2DD55221C55C}.Release|x86.ActiveCfg = Release|Win32
		{F7E3DECB-5397-4E16-A2DB-2DD55221C55C}.Release|x86.Build.0 = Release|Win32
		{0DFFC32B-D281-494D-998C-BC2826C319BE}.Debug|x64.ActiveCfg = Debug|x64
		{0DFFC32B-D281-494D-998C-BC2826C319BE}.Debug|x64.Build.0 = Debug|x64
		{0DFFC32B-D281-494D-998C-BC2826C319BE}.Debug|x86.ActiveCfg = Debug|Win32
		{0DFFC32B-D281-494D-998C-BC2826C319BE}.Debug|x86.Build.0 = Debug|Win32
		{0DFFC32B-D281-494D-998C-BC2826C319BE}.Release|x64.ActiveCfg = Release|x64
		{0DFFC32B-D281-494D-998C-BC2826C319BE}.Release|x64.Build.0 = Release|x64
		{0DFFC32B-D281-494D-998C-BC2826C319BE}.Release|x86.ActiveCfg = Release|Win32
		{0DFFC32B-D281-494D-998C-BC2826C319BE}.Release|x86.Build.0 = Release|Win32
		{AEDA90EF-0BD3-455B-A0BF-041D45182D47}.Debug|x64.ActiveCfg = Debug|x64
		{AEDA90EF-0BD3-455B-A0BF-041D45182D47}.Debug|x64.Build.0 = Debug|x64
		{AEDA90EF-0BD3-455B-A0BF-041D45182D47}.Debug|x86.ActiveCfg = Debug|Win32
		{AEDA90EF-0BD3-455B-A0BF-041D45182D47}.Debug|x86.Build.0 = Debug|Win32
		{AEDA90EF-0BD3-455B-A0BF-041D45182D47}.Release|x64.ActiveCfg = Release|x64
		{AEDA90EF-0BD3-455B-A0BF-041D45182D47}.Release|x64.Build.0 = Release|x64
		{AEDA90EF-0BD3-455B-A0BF-041D45182D47}.Release|x86.ActiveCfg = Release|Win32
		{AEDA90EF-0BD3-455B-A0BF-041D45182D47}.Release|x86.Build.0 = Release|Win32
		{2923DA76-A225-4825-8885-C8636E5AA3A7}.Debug|x64.ActiveCfg = Debug|x64
		{2923DA76-A225-4825-8885-C8636E5AA3A7}.Debug|x64.Build.0 = Debug|x64
		{2923DA76-A225-4825-8885-C8636E5AA3A7}.Debug|x86.ActiveCfg = Debug|Win32
		{2923DA76-A225-4825-8885-C8636E5AA3A7}.Debug|x86.Build.0 = Debug|Win32
		{2923DA76-A225-4825-8885-C8636E5AA3A7}.Release|x64.ActiveCfg = Release|x64
		{2923DA76-A225-4825-8885-C8636E5AA3A7}.Release|x64.Build.0 = Release|x64
		{2923DA76-A225-4825-8885-C8636E5AA3A7}.Release|x86.ActiveCfg = Release|Win32
		{2923DA76-A225-4825-8885-C8636E5AA3A7}.Release|x86.Build.0 = Release|Win32
		{C116E24A-BEBA-4220-A926-95B7177B26D9}.Debug|x64.ActiveCfg = Debug|x64
		{C116E24A-BEBA-4220-A926-95B7177B26D9}.Debug|x64.Build.0 = Debug|x64
		{C116E24A-BEBA-4220-A926-95B7177B26D9}.Debug|x86.ActiveCfg = Debug|Win32
		{C116E24A-BEBA-4220-A926-95B7177B26D9}.Debug|x86.Build.0 = Debug|Win32
		{C116E24A-BEBA-4220-A926-95B7177B26D9}.Release|x64.ActiveCfg = Release|x64
		{C116E24A-BEBA-4220-A926-95B7177B26D9}.Release|x64.Build.0 = Release|x64
		{C116E24A-BEBA-4220-A926-95B7177B26D9}.Release|x86.ActiveCfg = Release|Win32
		{C116E24A-BEBA-4220-A926-95B7177B26D9}.Release|x86.Build.0 = Release|Win32
		{2F866B33-DAE9-4D16-AD51-C587D5C688F4}.Debug|x64.ActiveCfg = Debug|x64
		{2F866B33-DAE9-4D16-AD51-C587D5C688F4}.Debug|x64.Build.0 = Debug|x64
		{2F866B33-DAE9-4D16-AD51-C587D5C688F4}.Debug|x86.ActiveCfg = Debug|Win32
		{2F866B33-DAE9-4D16-AD51-C587D5C688F4}.Debug|x86.Build.0 = Debug|Win32
		{2F866B33-DAE9-4D16-AD51-C587D5C688F4}.Release|x64.ActiveCfg = Release|x64
		{2F866B33-DAE9-4D16-AD51-C587D5C688F4}.Release|x64.Build.0 = Release|x64
		{2F866B33-DAE9-4D16-AD51-C587D5C688F4}.Release|x86.ActiveCfg = Release|Win32
		{2F866B33-DAE9-4D16-AD51-C587D5C688F4}.Release|x86.Build.0 = Release|Win32
		{4BBD7320-8212-4878-BDD9-8FDD5521297C}.Debug|x64.ActiveCfg = Debug|x64
		{4BBD7320-8212-4878-BDD9-8FDD5521297C}.Debug|x64.Build.0 = Debug|x64
		{4BBD7320-8212-4878-BDD9-8FDD5521297C}.Debug|x86.ActiveCfg = Debug|Win32
		{4BBD7320-8212-4878-BDD9-8FDD5521297C}.Debug|x86.Build.0 = Debug|Win32
		{4BBD7320-8212-4878-BDD9-8FDD5521297C}.Release|x64.ActiveCfg = Release|x64
		{4BBD7320-8212-4878-BDD9-8FDD5521297C}.Release|x64.Build.0 = Release|x64
		{4BBD7320-8212-4878-BDD9-8FDD5521297C}.Release|x86.ActiveCfg = Release|Win32
		{4BBD7320-8212-4878-BDD9-8FDD5521297C}.Release|x86.Build.0 = Release|Win32
		{9024D8EA-04C2-4C99-8376-1C0C3F6D822A}.Debug|x64.ActiveCfg = Debug|x64
		{9024D8EA-04C2-4C99-8376-1C0C3F6D822A}.Debug|x64.Build.0 = Debug|x64
		{9024D8EA-04C2-4C99-8376-1C0C3F6D822A}.Debug|x86.ActiveCfg = Debug|Win32
		{9024D8EA-04C2-4C99-8376-1C0C3F6D822A}.Debug|x86.Build.0 = Debug|Win32
		{9024D8EA-04C2-4C99-8376-1C0C3F6D822A}.Release|x64.ActiveCfg = Release|x64
		{9024D8EA-04C2-4C99-8376-1C0C3F6D822A}.Release|x64.Build.0 = Release|x64
		{9024D8EA-04C2-4C99-8376-1C0C3F6D822A}.Release|x86.ActiveCfg = Release|Win32
		{9024D8EA-04C2-4C99-8376-1C0C3F6D822A}.Release|x86.Build.0 = Release|Win32
		{76FC431F-9B7E-4D9C-908B-C5365D9AFF7A}.Debug|x64.ActiveCfg = Debug|x64
		{76FC431F-9B7E-4D9C-908B-C5365D9AFF7A}.Debug|x64.Build.0 = Debug|x64
		{76FC431F-9B7E-4D9C-908B-C5365D9AFF7A}.Debug|x86.ActiveCfg = Debug|Win32
		{76FC431F-9B7E-4D9C-908B-C5365D9AFF7A}.Debug|x86.Build.0 = Debug|Win32
		{76FC431F-9B7E-4D9C-908B-C5365D9AFF7A}.Release|x64.ActiveCfg = Release|x64
		{76FC431F-9B7E-4D9C-908B-C5365D9AFF7A}.Release|x64.Build.0 = Release|x64
		{76FC431F-9B7E-4D9C-908B-C5365D9AFF7A}.Release|x86.ActiveCfg = Release|Win32
		{76FC431F-9B7E-4D9C-908B-C5365D9AFF7A}.Release|x86.Build.0 = Release|Win32
		{4BA6BE31-4DF7-4866-BF61-89445E83DC2B}.Debug|x64.ActiveCfg = Debug|x64
		{4BA6BE31-4DF7-4866-BF61-89445E83DC2B}.Debug|x64.Build.0 = Debug|x64
		{4BA6BE31-4DF7-4866-BF61-89445E83DC2B}.Debug|x86.ActiveCfg = Debug|Win32
		{4BA6BE31-4DF7-4866-BF61-89445E83DC2B}.Debug|x86.Build.0 = Debug|Win32
		{4BA6BE31-4DF7-4866-BF61-89445E83DC2B}.Release|x64.ActiveCfg = Release|x64
		{4BA6BE31-4DF7-4866-BF61-89445E83DC2B}.Release|x64.Build.0 = Release|x64
		{4BA6BE31-4DF7-4866-BF61-89445E83DC2B}.Release|x86.ActiveCfg = Release|Win32
		{4BA6BE31-4DF7-4866-BF61-89445E83DC2B}.Release|x86.Build.0 = Release|Win32
		{219385BB-BD9B-4CD3-AB04-2092300DD25B}.Debug|x64.ActiveCfg = Debug|x64
		{219385BB-BD9B-4CD3-AB04-2092300DD25B}.Debug|x64.Build.0 = Debug|x64
		{219385BB-BD9B-4CD3-AB04-2092300DD25B}.Debug|x86.ActiveCfg = Debug|Win32
		{219385BB-BD9B-4CD3-AB04-2092300DD25B}.Debug|x86.Build.0 = Debug|Win32
		{219385BB-BD9B-4CD3-AB04-2092300DD25B}.Release|x64.ActiveCfg = Release|x64
		{219385BB-BD9B-4CD3-AB04-2092300DD25B}.Release|x64.Build.0 = Release|x64
		{219385BB-BD9B-4CD3-AB04-2092300DD25B}.Release|x86.ActiveCfg = Release|Win32
		{219385BB-BD9B-4CD3-AB04-2092300DD25B}.Release|x86.Build.0 = Release|Win32
		{AE38CA1B-DA01-4740-9410-869590348F65}.Debug|x64.ActiveCfg = Debug|x64
		{AE38CA1B-DA01-4740-9410-869590348F65}.Debug|x64.Build.0 = Debug|x64
		{AE38CA1B-DA01-4740-9410-869590348F65}.Debug|x86.ActiveCfg = Debug|Win32
		{AE38CA1B-DA01-4740-9410-869590348F65}.Debug|x86.Build.0 = Debug|Win32
		{AE38CA1B-DA01-4740-9410-869590348F65}.Release|x64.ActiveCfg = Release|x64
		{AE38CA1B-DA01-4740-9410-869590348F65}.Release|x64.Build.0 = Release|x64
		{AE38CA1B-DA01-4740-9410-869590348F65}.Release|x86.ActiveCfg = Release|Win32
		{AE38CA1B-DA01-4740-9410-869590348F65}.Release|x86.Build.0 = Release|Win32
		{2DBA745D-7C52-4E92-BA41-E1E1CDEE1469}.Debug|x64.ActiveCfg = Debug|x64
		{2DBA745D-7C52-4E92-BA41-E1E1CDEE1469}.Debug|x64.Build.0 = Debug|x64
		{2DBA745D-7C52-4E92-BA41-E1E1CDEE1469}.Debug|x86.ActiveCfg = Debug|Win32
		{2DBA745D-7C52-4E92-BA41-E1E1CDEE1469}.Debug|x86.Build.0 = Debug|Win32
		{2DBA745D-7C52-4E92-BA41-E1E1CDEE1469}.Release|x64.ActiveCfg = Release|x64
		{2DBA745D-7C52-4E92-BA41-E1E1CDEE1469}.Release|x64.Build.0 = Release|x64
		{2DBA745D-7C52-4E92-BA41-E1E1CDEE1469}.Release|x86.ActiveCfg = Release|Win32
		{2DBA745D-7C52-4E92-BA41-E1E1CDEE1469}.Release|x86.Build.0 = Release|Win32
		{3DD85A1C-4E86-4BB9-A9BA-D2EE0BC4C1BF}.Debug|x64.ActiveCfg = Debug|x64
		{3DD85A1C-4E86-4BB9-A9BA-D2EE0BC4C1BF}.Debug|x64.Build.0 = Debug|x64
		{3DD85A1C-4E86-4BB9-A9BA-D2EE0BC4C1BF}.Debug|x86.ActiveCfg = Debug|Win32
		{3DD85A1C-4E86-4BB9-A9BA-D2EE0BC4C1BF}.Debug|x86.Build.0 = Debug|Win32
		{3DD85A1C-4E86-4BB9-A9BA-D2EE0BC4C1BF}.Release|x64.ActiveCfg = Release|x64
		{3DD85A1C-4E86-4BB9-A9BA-D2EE0BC4C1BF}.Release|x64.Build.0 = Release|x64
		{3DD85A1C-4E86-4BB9-A9BA-D2EE0BC4C1BF}.Release|x86.ActiveCfg = Release|Win32
		{3DD85A1C-4E86-4BB9-A9BA-D2EE0BC4C1BF}.Release|x86.Build.0 = Release|Win32
		{0BC2F80B-AB45-41BD-9B04-29A8F95FAC19}.Debug|x64.ActiveCfg = Debug|x64
		{0BC2F80B-AB45-41BD-9B04-29A8F95FAC19}.Debug|x64.Build.0 = Debug|x64
		{0BC2F80B-AB45-41BD-9B04-29A8F95FAC19}.Debug|x86.ActiveCfg = Debug|Win32
		{0BC2F80B-AB45-41BD-9B04-29A8F95FAC19}.Debug|x86.Build.0 = Debug|Win32
		{0BC2F80B-AB45-41BD-9B04-29A8F95FAC19}.Release|x64.ActiveCfg = Release|x64
		{0BC2F80B-AB45-41BD-9B04-29A8F95FAC19}.Release|x64.Build.0 = Release|x64
		{0BC2F80B-AB45-41BD-9B04-29A8F95FAC19}.Release|x86.ActiveCfg = Release|Win32
		{0BC2F80B-AB45-41BD-9B04-29A8F95FAC19}.Release|x86.Build.0 = Release|Win32
		{6E1D0C96-DD99-40BA-847E-1258764B7AFA}.Debug|x64.ActiveCfg = Debug|x64
		{6E1D0C96-DD99-40BA-847E-1258764B7AFA}.Debug|x64.Build.0 = Debug|x64
		{6E1D0C96-DD99-40BA-847E-1258764B7AFA}.Debug|x86.ActiveCfg = Debug|Win32
		{6E1D0C96-DD99-40BA-847E-1258764B7AFA}.Debug|x86.Build.0 = Debug|Win32
		{6E1D0C96-DD99-40BA-847E-1258764B7AFA}.Release|x64.ActiveCfg = Release|x64
		{6E1D0C96-DD99-40BA-847E-1258764B7AFA}.Release|x64.Build.0 = Release|x64
		{6E1D0C96-DD99-40BA-847E-1258764B7AFA}.Release|x86.ActiveCfg = Release|Win32
		{6E1D0C96-DD99-40BA-847E-1258764B7AFA}.Release|x86.Build.0 = Release|Win32
		{1A7CE49F-EB57-4123-98DE-4DF12C47009F}.Debug|x64.ActiveCfg = Debug|x64
		{1A7CE49F-EB57-4123-98DE-4DF12C47009F}.Debug|x64.Build.0 = Debug|x64
		{1A7CE49F-EB57-4123-98DE-4DF12C47009F}.Debug|x86.ActiveCfg = Debug|Win32
		{1A7CE49F-EB57-4123-98DE-4DF12C47009F}.Debug|x86.Build.0 = Debug|Win32
		{1A7CE49F-EB57-4123-98DE-4DF12C47009F}.Release|x64.ActiveCfg = Release|x64
		{1A7CE49F-EB57-4123-98DE-4DF12C47009F}.Release|x64.Build.0 = Release|x64
		{1A7CE49F-EB57-4123-98DE-4DF12C47009F}.Release|x86.ActiveCfg = Release|Win32
		{1A7CE49F-EB57-4123-98DE-4DF12C47009F}.Release|x86.Build.0 = Release|Win32
		{9ED5B5BE-933C-47DC-A0D3-9049C849CB1D}.Debug|x64.ActiveCfg = Debug|x64
		{9ED5B5BE-933C-47DC-A0D3-9049C849CB1D}.Debug|x64.Build.0 = Debug|x64
		{9ED5B5BE-933C-47DC-A0D3-9049C849CB1D}.Debug|x86.ActiveCfg = Debug|Win32
		{9ED5B5BE-933C-47DC-A0D3-9049C849CB1D}.Debug|x86.Build.0 = Debug|Win32
		{9ED5B5BE-933C-47DC-A0D3-9049C849CB1D}.Release|x64.ActiveCfg = Release|x64
		{9ED5B5BE-933C-47DC-A0D3-9049C849CB1D}.Release|x64.Build.0 = Release|x64
		{9ED5B5BE-933C-47DC-A0D3-9049C849CB1D}.Release|x86.ActiveCfg = Release|Win32
		{9ED5B5BE-933C-47DC-A0D3-9049C849CB1D}.Release|x86.Build.0 = Release|Win32
		{483B134E-3BDC-4BE5-B5FC-44037EE8AC01}.Debug|x64.ActiveCfg = Debug|x64
		{483B134E-3BDC-4BE5-B5FC-44037EE8AC01}.Debug|x64.Build.0 = Debug|x64
		{483B134E-3BDC-4BE5-B5FC-44037EE8AC01}.Debug|x86.ActiveCfg = Debug|Win32
		{483B134E-3BDC-4BE5-B5FC-44037EE8AC01}.Debug|x86.Build.0 = Debug|Win32
		{483B134E-3BDC-4BE5-B5FC-44037EE8AC01}.Release|x64.ActiveCfg = Release|x64
		{483B134E-3BDC-4BE5-B5FC-44037EE8AC01}.Release|x64.Build.0 = Release|x64
		{483B134E-3BDC-4BE5-B5FC-44037EE8AC01}.Release|x86.ActiveCfg = Release|Win32
		{483B134E-3BDC-4BE5-B5FC-44037EE8AC01}.Release|x86.Build.0 = Release|Win32
		{7770D242-B825-4017-AACC-5ADBEBA167AA}.Debug|x64.ActiveCfg = Debug|x64
		{7770D242-B825-4017-AACC-5ADBEBA167AA}.Debug|x64.Build.0 = Debug|x64
		{7770D242-B825-4017-AACC-5ADBEBA167AA}.Debug|x86.ActiveCfg = Debug|Win32
		{7770D242-B825-4017-AACC-5ADBEBA167AA}.Debug|x86.Build.0 = Debug|Win32
		{7770D242-B825-4017-AACC-5ADBEBA167AA}.Release|x64.ActiveCfg = Release|x64
		{7770D242-B825-4017-AACC-5ADBEBA167AA}.Release|x64.Build.0 = Release|x64
		{7770D242-B825-4017-AACC-5ADBEBA167AA}.Release|x86.ActiveCfg = Release|Win32
		{7770D242-B825-4017-AACC-5ADBEBA167AA}.Release|x86.Build.0 = Release|Win32
		{367152FE-47A8-478E-9589-E322FB29FD5D}.Debug|x64.ActiveCfg = Debug|x64
		{367152FE-47A8-478E-9589-E322FB29FD5D}.Debug|x64.Build.0 = Debug|x64
		{367152FE-47A8-478E-9589-E322FB29FD5D}.Debug|x86.ActiveCfg = Debug|Win32
		{367152FE-47A8-478E-9589-E322FB29FD5D}.Debug|x86.Build.0 = Debug|Win32
		{367152FE-47A8-478E-9589-E322FB29FD5D}.Release|x64.ActiveCfg = Release|x64
		{367152FE-47A8-478E-9589-E322FB29FD5D}.Release|x64.Build.0 = Release|x64
		{367152FE-47A8-478E-9589-E322FB29FD5D}.Release|x86.ActiveCfg = Release|Win32
		{367152FE-47A8-478E-9589-E322FB29FD5D}.Release|x86.Build.0 = Release|Win32
		{282CAE43-BB50-4082-B4F1-EBE6AF6169C3}.Debug|x64.ActiveCfg = Debug|x64
		{282CAE43-BB50-4082-B4F1-EBE6AF6169C3}.Debug|x64.Build.0 = Debug|x64
		{282CAE43-BB50-4082-B4F1-EBE6AF6169C3}.Debug|x86.ActiveCfg = Debug|Win32
		{282CAE43-BB50-4082-B4F1-EBE6AF6169C3}.Debug|x86.Build.0 = Debug|Win32
		{282CAE43-BB50-4082-B4F1-EBE6AF6169C3}.Release|x64.ActiveCfg = Release|x64
		{282CAE43-BB50-4082-B4F1-EBE6AF6169C3}.Release|x64.Build.0 = Release|x64
		{282CAE43-BB50-4082-B4F1-EBE6AF6169C3}.Release|x86.ActiveCfg = Release|Win32
		{282CAE43-BB50-4082-B4F1-EBE6AF6169C3}.Release|x86.Build.0 = Release|Win32
		{7CE16DC7-D0BD-4E6B-896F-D69E56531627}.Debug|x64.ActiveCfg = Debug|x64
		{7CE16DC7-D0BD-4E6B-896F-D69E56531627}.Debug|x64.Build.0 = Debug|x64
		{7CE16DC7-D0BD-4E6B-896F-D69E56531627}.Debug|x86.ActiveCfg = Debug|Win32
		{7CE16DC7-D0BD-4E6B-896F-D69E56531627}.Debug|x86.Build.0 = Debug|Win32
		{7CE16DC7-D0BD-4E6B-896F-D69E56531627}.Release|x64.ActiveCfg = Release|x64
		{7CE16DC7-D0BD-4E6B-896F-D69E56531627}.Release|x64.Build.0 = Release|x64
		{7CE16DC7-D0BD-4E6B-896F-D69E56531627}.Release|x86.ActiveCfg = Release|Win32
		{7CE16DC7-D0BD-4E6B-896F-D69E56531627}.Release|x86.Build.0 = Release|Win32
		{F9D7267E-FD3E-440D-869A-F1BEDE9963E5}.Debug|x64.ActiveCfg = Debug|x64
		{F9D7267E-FD3E-440D-869A-F1BEDE9963E5}.Debug|x64.Build.0 = Debug|x64
		{F9D7267E-FD3E-440D-869A-F1BEDE9963E5}.Debug|x86.ActiveCfg = Debug|Win32
		{F9D7267E-FD3E-440D-869A-F1BEDE9963E5}.Debug|x86.Build.0 = Debug|Win32
		{F9D7267E-FD3E-440D-869A-F1BEDE9963E5}.Release|x64.ActiveCfg = Release|x64
		{F9D7267E-FD3E-440D-869A-F1BEDE9963E5}.Release|x64.Build.0 = Release|x64
		{F9D7267E-FD3E-440D-869A-F1BEDE9963E5}.Release|x86.ActiveCfg = Release|Win32
		{F9D7267E-FD3E-440D-869A-F1BEDE9963E5}.Release|x86.Build.0 = Release|Win32
		{C393CD1C-D870-4A21-8F64-86F43D5C4E3C}.Debug|x64.ActiveCfg = Debug|x64
		{C393CD1C-D870-4A21-8F64-86F43D5C4E3C}.Debug|x64.Build.0 = Debug|x64
		{C393CD1C-D870-4A21-8F64-86F43D5C4E3C}.Debug|x86.ActiveCfg = Debug|Win32
		{C393CD1C-D870-4A21-8F64-86F43D5C4E3C}.Debug|x86.Build.0 = Debug|Win32
		{C393CD1C-D870-4A21-8F64-86F43D5C4E3C}.Release|x64.ActiveCfg = Release|x64
		{C393CD1C-D870-4A21-8F64-86F43D5C4E3C}.Release|x64.Build.0 = Release|x64
		{C393CD1C-D870-4A21-8F64-86F43D5C4E3C}.Release|x86.ActiveCfg = Release|Win32
		{C393CD1C-D870-4A21-8F64-86F43D5C4E3C}.Release|x86.Build.0 = Release|Win32
		{FC562B06-BC7F-4650-BFBF-62C65FC300E8}.Debug|x64.ActiveCfg = Debug|x64
		{FC562B06-BC7F-4650-BFBF-62C65FC300E8}.Debug|x64.Build.0 = Debug|x64
		{FC562B06-BC7F-4650-BFBF-62C65FC300E8}.Debug|x86.ActiveCfg = Debug|Win32
		{FC562B06-BC7F-4650-BFBF-62C65FC300E8}.Debug|x86.Build.0 = Debug|Win32
		{FC562B06-BC7F-4650-BFBF-62C65FC300E8}.Release|x64.ActiveCfg = Release|x64
		{FC562B06-BC7F-4650-BFBF-62C65FC300E8}.Release|x64.Build.0 = Release|x64
		{FC562B06-BC7F-4650-BFBF-62C65FC300E8}.Release|x86.ActiveCfg = Release|Win32
		{FC562B06-BC7F-4650-BFBF-62C65FC300E8}.Release|x86.Build.0 = Release|Win32
	EndGlobalSection
	GlobalSection(SolutionProperties) = preSolution
		HideSolutionNode = FALSE
	EndGlobalSection
	GlobalSection(ExtensibilityGlobals) = postSolution
		SolutionGuid = {DA2EEFA4-55C2-4C7E-B60B-9E9E4CF3547F}
	EndGlobalSection
EndGlobal
